
Microsoft Visual Studio Solution File, Format Version 12.00
# Visual Studio Version 16
VisualStudioVersion = 16.0.29509.3
MinimumVisualStudioVersion = 10.0.40219.1
Project("{8BC9CEB8-8B4A-11D0-8D11-00A0C91BC942}") = "FlugLotsen", "FlugLotsen\FlugLotsen.vcxproj", "{FF5AEBCA-E32D-4FA3-8719-D3FE59C70F4D}"
EndProject
Project("{8BC9CEB8-8B4A-11D0-8D11-00A0C91BC942}") = "libCommandExtraction", "FlugLotsen\lib\libCommandExtraction.vcxproj", "{668F6779-60E0-3139-BC40-F554CEC74033}"
EndProject
Project("{8BC9CEB8-8B4A-11D0-8D11-00A0C91BC942}") = "ALL_BUILD", "FlugLotsen\lib\ALL_BUILD.vcxproj", "{2352E117-33E8-3BA4-8716-7FEC8D673BB0}"
EndProject
Project("{2150E333-8FDC-42A3-9474-1A3956D46DE8}") = "Solution Items", "Solution Items", "{2B033DB4-63F8-4AEF-AA25-A06CDC6BF226}"
	ProjectSection(SolutionItems) = preProject
		FlugLotsen\ZERO_CHECK.vcxproj = FlugLotsen\ZERO_CHECK.vcxproj
	EndProjectSection
EndProject
Project("{8BC9CEB8-8B4A-11D0-8D11-00A0C91BC942}") = "libasr", "FlugLotsen\ToolBoxInputs\libASR\libasr.vcxproj", "{4B10838C-C6EE-3706-9149-331C033E562C}"
EndProject
Project("{8BC9CEB8-8B4A-11D0-8D11-00A0C91BC942}") = "libglobal", "FlugLotsen\ToolBoxInputs\libglobal\libglobal.vcxproj", "{33955FCD-3CBC-3E48-BE8F-F3AB93613D23}"
EndProject
Project("{8BC9CEB8-8B4A-11D0-8D11-00A0C91BC942}") = "libutil", "FlugLotsen\ToolBoxInputs\libutil\libutil.vcxproj", "{71BB72B0-156C-3E66-B107-ADDEE704EE12}"
EndProject
Project("{8BC9CEB8-8B4A-11D0-8D11-00A0C91BC942}") = "liblogtrace", "FlugLotsen\ToolBoxInputs\liblogtrace\logtrace\liblogtrace.vcxproj", "{726ADF56-29F2-3523-912F-676407B0E06D}"
EndProject
Project("{8BC9CEB8-8B4A-11D0-8D11-00A0C91BC942}") = "testCommandExtraction", "FlugLotsen\test\testCommandExtraction.vcxproj", "{8739FB4B-EF25-3E71-8AC8-7441F0F7BF1B}"
EndProject
Global
	GlobalSection(SolutionConfigurationPlatforms) = preSolution
		Debug|x64 = Debug|x64
		Debug|x86 = Debug|x86
		MinSizeRel|x64 = MinSizeRel|x64
		MinSizeRel|x86 = MinSizeRel|x86
		Release|x64 = Release|x64
		Release|x86 = Release|x86
		RelWithDebInfo|x64 = RelWithDebInfo|x64
		RelWithDebInfo|x86 = RelWithDebInfo|x86
	EndGlobalSection
	GlobalSection(ProjectConfigurationPlatforms) = postSolution
		{FF5AEBCA-E32D-4FA3-8719-D3FE59C70F4D}.Debug|x64.ActiveCfg = Debug|x64
		{FF5AEBCA-E32D-4FA3-8719-D3FE59C70F4D}.Debug|x64.Build.0 = Debug|x64
		{FF5AEBCA-E32D-4FA3-8719-D3FE59C70F4D}.Debug|x86.ActiveCfg = Debug|Win32
		{FF5AEBCA-E32D-4FA3-8719-D3FE59C70F4D}.Debug|x86.Build.0 = Debug|Win32
		{FF5AEBCA-E32D-4FA3-8719-D3FE59C70F4D}.MinSizeRel|x64.ActiveCfg = Release|x64
		{FF5AEBCA-E32D-4FA3-8719-D3FE59C70F4D}.MinSizeRel|x64.Build.0 = Release|x64
		{FF5AEBCA-E32D-4FA3-8719-D3FE59C70F4D}.MinSizeRel|x86.ActiveCfg = Release|Win32
		{FF5AEBCA-E32D-4FA3-8719-D3FE59C70F4D}.MinSizeRel|x86.Build.0 = Release|Win32
		{FF5AEBCA-E32D-4FA3-8719-D3FE59C70F4D}.Release|x64.ActiveCfg = Release|x64
		{FF5AEBCA-E32D-4FA3-8719-D3FE59C70F4D}.Release|x64.Build.0 = Release|x64
		{FF5AEBCA-E32D-4FA3-8719-D3FE59C70F4D}.Release|x86.ActiveCfg = Release|Win32
		{FF5AEBCA-E32D-4FA3-8719-D3FE59C70F4D}.Release|x86.Build.0 = Release|Win32
		{FF5AEBCA-E32D-4FA3-8719-D3FE59C70F4D}.RelWithDebInfo|x64.ActiveCfg = Release|x64
		{FF5AEBCA-E32D-4FA3-8719-D3FE59C70F4D}.RelWithDebInfo|x64.Build.0 = Release|x64
		{FF5AEBCA-E32D-4FA3-8719-D3FE59C70F4D}.RelWithDebInfo|x86.ActiveCfg = Release|Win32
		{FF5AEBCA-E32D-4FA3-8719-D3FE59C70F4D}.RelWithDebInfo|x86.Build.0 = Release|Win32
		{668F6779-60E0-3139-BC40-F554CEC74033}.Debug|x64.ActiveCfg = Debug|x64
		{668F6779-60E0-3139-BC40-F554CEC74033}.Debug|x64.Build.0 = Debug|x64
		{668F6779-60E0-3139-BC40-F554CEC74033}.Debug|x86.ActiveCfg = Debug|x64
		{668F6779-60E0-3139-BC40-F554CEC74033}.MinSizeRel|x64.ActiveCfg = MinSizeRel|x64
		{668F6779-60E0-3139-BC40-F554CEC74033}.MinSizeRel|x64.Build.0 = MinSizeRel|x64
		{668F6779-60E0-3139-BC40-F554CEC74033}.MinSizeRel|x86.ActiveCfg = MinSizeRel|x64
		{668F6779-60E0-3139-BC40-F554CEC74033}.Release|x64.ActiveCfg = Release|x64
		{668F6779-60E0-3139-BC40-F554CEC74033}.Release|x64.Build.0 = Release|x64
		{668F6779-60E0-3139-BC40-F554CEC74033}.Release|x86.ActiveCfg = Release|x64
		{668F6779-60E0-3139-BC40-F554CEC74033}.RelWithDebInfo|x64.ActiveCfg = RelWithDebInfo|x64
		{668F6779-60E0-3139-BC40-F554CEC74033}.RelWithDebInfo|x64.Build.0 = RelWithDebInfo|x64
		{668F6779-60E0-3139-BC40-F554CEC74033}.RelWithDebInfo|x86.ActiveCfg = RelWithDebInfo|x64
		{2352E117-33E8-3BA4-8716-7FEC8D673BB0}.Debug|x64.ActiveCfg = Debug|x64
		{2352E117-33E8-3BA4-8716-7FEC8D673BB0}.Debug|x64.Build.0 = Debug|x64
		{2352E117-33E8-3BA4-8716-7FEC8D673BB0}.Debug|x86.ActiveCfg = Debug|x64
		{2352E117-33E8-3BA4-8716-7FEC8D673BB0}.MinSizeRel|x64.ActiveCfg = MinSizeRel|x64
		{2352E117-33E8-3BA4-8716-7FEC8D673BB0}.MinSizeRel|x64.Build.0 = MinSizeRel|x64
		{2352E117-33E8-3BA4-8716-7FEC8D673BB0}.MinSizeRel|x86.ActiveCfg = MinSizeRel|x64
		{2352E117-33E8-3BA4-8716-7FEC8D673BB0}.Release|x64.ActiveCfg = Release|x64
		{2352E117-33E8-3BA4-8716-7FEC8D673BB0}.Release|x64.Build.0 = Release|x64
		{2352E117-33E8-3BA4-8716-7FEC8D673BB0}.Release|x86.ActiveCfg = Release|x64
		{2352E117-33E8-3BA4-8716-7FEC8D673BB0}.RelWithDebInfo|x64.ActiveCfg = RelWithDebInfo|x64
		{2352E117-33E8-3BA4-8716-7FEC8D673BB0}.RelWithDebInfo|x64.Build.0 = RelWithDebInfo|x64
		{2352E117-33E8-3BA4-8716-7FEC8D673BB0}.RelWithDebInfo|x86.ActiveCfg = RelWithDebInfo|x64
		{4B10838C-C6EE-3706-9149-331C033E562C}.Debug|x64.ActiveCfg = Debug|x64
		{4B10838C-C6EE-3706-9149-331C033E562C}.Debug|x64.Build.0 = Debug|x64
		{4B10838C-C6EE-3706-9149-331C033E562C}.Debug|x86.ActiveCfg = Debug|x64
		{4B10838C-C6EE-3706-9149-331C033E562C}.MinSizeRel|x64.ActiveCfg = MinSizeRel|x64
		{4B10838C-C6EE-3706-9149-331C033E562C}.MinSizeRel|x64.Build.0 = MinSizeRel|x64
		{4B10838C-C6EE-3706-9149-331C033E562C}.MinSizeRel|x86.ActiveCfg = MinSizeRel|x64
		{4B10838C-C6EE-3706-9149-331C033E562C}.Release|x64.ActiveCfg = Release|x64
		{4B10838C-C6EE-3706-9149-331C033E562C}.Release|x64.Build.0 = Release|x64
		{4B10838C-C6EE-3706-9149-331C033E562C}.Release|x86.ActiveCfg = Release|x64
		{4B10838C-C6EE-3706-9149-331C033E562C}.RelWithDebInfo|x64.ActiveCfg = RelWithDebInfo|x64
		{4B10838C-C6EE-3706-9149-331C033E562C}.RelWithDebInfo|x64.Build.0 = RelWithDebInfo|x64
		{4B10838C-C6EE-3706-9149-331C033E562C}.RelWithDebInfo|x86.ActiveCfg = RelWithDebInfo|x64
		{33955FCD-3CBC-3E48-BE8F-F3AB93613D23}.Debug|x64.ActiveCfg = Debug|x64
		{33955FCD-3CBC-3E48-BE8F-F3AB93613D23}.Debug|x64.Build.0 = Debug|x64
		{33955FCD-3CBC-3E48-BE8F-F3AB93613D23}.Debug|x86.ActiveCfg = Debug|x64
		{33955FCD-3CBC-3E48-BE8F-F3AB93613D23}.MinSizeRel|x64.ActiveCfg = MinSizeRel|x64
		{33955FCD-3CBC-3E48-BE8F-F3AB93613D23}.MinSizeRel|x64.Build.0 = MinSizeRel|x64
		{33955FCD-3CBC-3E48-BE8F-F3AB93613D23}.MinSizeRel|x86.ActiveCfg = MinSizeRel|x64
		{33955FCD-3CBC-3E48-BE8F-F3AB93613D23}.Release|x64.ActiveCfg = Release|x64
		{33955FCD-3CBC-3E48-BE8F-F3AB93613D23}.Release|x64.Build.0 = Release|x64
		{33955FCD-3CBC-3E48-BE8F-F3AB93613D23}.Release|x86.ActiveCfg = Release|x64
		{33955FCD-3CBC-3E48-BE8F-F3AB93613D23}.RelWithDebInfo|x64.ActiveCfg = RelWithDebInfo|x64
		{33955FCD-3CBC-3E48-BE8F-F3AB93613D23}.RelWithDebInfo|x64.Build.0 = RelWithDebInfo|x64
		{33955FCD-3CBC-3E48-BE8F-F3AB93613D23}.RelWithDebInfo|x86.ActiveCfg = RelWithDebInfo|x64
		{71BB72B0-156C-3E66-B107-ADDEE704EE12}.Debug|x64.ActiveCfg = Debug|x64
		{71BB72B0-156C-3E66-B107-ADDEE704EE12}.Debug|x64.Build.0 = Debug|x64
		{71BB72B0-156C-3E66-B107-ADDEE704EE12}.Debug|x86.ActiveCfg = Debug|x64
		{71BB72B0-156C-3E66-B107-ADDEE704EE12}.MinSizeRel|x64.ActiveCfg = MinSizeRel|x64
		{71BB72B0-156C-3E66-B107-ADDEE704EE12}.MinSizeRel|x64.Build.0 = MinSizeRel|x64
		{71BB72B0-156C-3E66-B107-ADDEE704EE12}.MinSizeRel|x86.ActiveCfg = MinSizeRel|x64
		{71BB72B0-156C-3E66-B107-ADDEE704EE12}.Release|x64.ActiveCfg = Release|x64
		{71BB72B0-156C-3E66-B107-ADDEE704EE12}.Release|x64.Build.0 = Release|x64
		{71BB72B0-156C-3E66-B107-ADDEE704EE12}.Release|x86.ActiveCfg = Release|x64
		{71BB72B0-156C-3E66-B107-ADDEE704EE12}.RelWithDebInfo|x64.ActiveCfg = RelWithDebInfo|x64
		{71BB72B0-156C-3E66-B107-ADDEE704EE12}.RelWithDebInfo|x64.Build.0 = RelWithDebInfo|x64
		{71BB72B0-156C-3E66-B107-ADDEE704EE12}.RelWithDebInfo|x86.ActiveCfg = RelWithDebInfo|x64
		{726ADF56-29F2-3523-912F-676407B0E06D}.Debug|x64.ActiveCfg = Debug|x64
		{726ADF56-29F2-3523-912F-676407B0E06D}.Debug|x64.Build.0 = Debug|x64
		{726ADF56-29F2-3523-912F-676407B0E06D}.Debug|x86.ActiveCfg = Debug|x64
		{726ADF56-29F2-3523-912F-676407B0E06D}.MinSizeRel|x64.ActiveCfg = MinSizeRel|x64
		{726ADF56-29F2-3523-912F-676407B0E06D}.MinSizeRel|x64.Build.0 = MinSizeRel|x64
		{726ADF56-29F2-3523-912F-676407B0E06D}.MinSizeRel|x86.ActiveCfg = MinSizeRel|x64
		{726ADF56-29F2-3523-912F-676407B0E06D}.Release|x64.ActiveCfg = Release|x64
		{726ADF56-29F2-3523-912F-676407B0E06D}.Release|x64.Build.0 = Release|x64
		{726ADF56-29F2-3523-912F-676407B0E06D}.Release|x86.ActiveCfg = Release|x64
		{726ADF56-29F2-3523-912F-676407B0E06D}.RelWithDebInfo|x64.ActiveCfg = RelWithDebInfo|x64
		{726ADF56-29F2-3523-912F-676407B0E06D}.RelWithDebInfo|x64.Build.0 = RelWithDebInfo|x64
		{726ADF56-29F2-3523-912F-676407B0E06D}.RelWithDebInfo|x86.ActiveCfg = RelWithDebInfo|x64
		{8739FB4B-EF25-3E71-8AC8-7441F0F7BF1B}.Debug|x64.ActiveCfg = Debug|x64
		{8739FB4B-EF25-3E71-8AC8-7441F0F7BF1B}.Debug|x64.Build.0 = Debug|x64
		{8739FB4B-EF25-3E71-8AC8-7441F0F7BF1B}.Debug|x86.ActiveCfg = Debug|x64
		{8739FB4B-EF25-3E71-8AC8-7441F0F7BF1B}.MinSizeRel|x64.ActiveCfg = MinSizeRel|x64
		{8739FB4B-EF25-3E71-8AC8-7441F0F7BF1B}.MinSizeRel|x64.Build.0 = MinSizeRel|x64
		{8739FB4B-EF25-3E71-8AC8-7441F0F7BF1B}.MinSizeRel|x86.ActiveCfg = MinSizeRel|x64
		{8739FB4B-EF25-3E71-8AC8-7441F0F7BF1B}.Release|x64.ActiveCfg = Release|x64
		{8739FB4B-EF25-3E71-8AC8-7441F0F7BF1B}.Release|x64.Build.0 = Release|x64
		{8739FB4B-EF25-3E71-8AC8-7441F0F7BF1B}.Release|x86.ActiveCfg = Release|x64
		{8739FB4B-EF25-3E71-8AC8-7441F0F7BF1B}.RelWithDebInfo|x64.ActiveCfg = RelWithDebInfo|x64
		{8739FB4B-EF25-3E71-8AC8-7441F0F7BF1B}.RelWithDebInfo|x64.Build.0 = RelWithDebInfo|x64
		{8739FB4B-EF25-3E71-8AC8-7441F0F7BF1B}.RelWithDebInfo|x86.ActiveCfg = RelWithDebInfo|x64
	EndGlobalSection
	GlobalSection(SolutionProperties) = preSolution
		HideSolutionNode = FALSE
	EndGlobalSection
	GlobalSection(ExtensibilityGlobals) = postSolution
		SolutionGuid = {D5536B69-0426-478A-8628-BC7BFA9CBC93}
	EndGlobalSection
EndGlobal
