<?xml version="1.0" encoding="utf-8"?>
<Project ToolsVersion="16.0" xmlns="http://schemas.microsoft.com/developer/msbuild/2003">
  <ItemGroup>
    <ClCompile Include="C:\Users\Simon\Desktop\07_ExeCallSignExtraction\07_ExeCallSignExtraction\ToolBoxInputs\libutil\FileName.cxx">
      <Filter>Source Files</Filter>
    </ClCompile>
    <ClCompile Include="C:\Users\Simon\Desktop\07_ExeCallSignExtraction\07_ExeCallSignExtraction\ToolBoxInputs\libutil\FileUtil.cxx">
      <Filter>Source Files</Filter>
    </ClCompile>
    <ClCompile Include="C:\Users\Simon\Desktop\07_ExeCallSignExtraction\07_ExeCallSignExtraction\ToolBoxInputs\libutil\StringUtil.cxx">
      <Filter>Source Files</Filter>
    </ClCompile>
  </ItemGroup>
  <ItemGroup>
    <ClInclude Include="C:\Users\Simon\Desktop\07_ExeCallSignExtraction\07_ExeCallSignExtraction\ToolBoxInputs\libutil\FileName.h">
      <Filter>Header Files</Filter>
    </ClInclude>
    <ClInclude Include="C:\Users\Simon\Desktop\07_ExeCallSignExtraction\07_ExeCallSignExtraction\ToolBoxInputs\libutil\FileUtil.h">
      <Filter>Header Files</Filter>
    </ClInclude>
    <ClInclude Include="C:\Users\Simon\Desktop\07_ExeCallSignExtraction\07_ExeCallSignExtraction\ToolBoxInputs\libutil\StringUtil.h">
      <Filter>Header Files</Filter>
    </ClInclude>
  </ItemGroup>
  <ItemGroup>
    <CustomBuild Include="C:\Users\Simon\Desktop\07_ExeCallSignExtraction\07_ExeCallSignExtraction\ToolBoxInputs\libutil\CMakeLists.txt" />
  </ItemGroup>
  <ItemGroup>
    <Filter Include="Header Files">
      <UniqueIdentifier>{340DDCD8-5CF1-3965-B67C-9AB117A936A8}</UniqueIdentifier>
    </Filter>
    <Filter Include="Source Files">
      <UniqueIdentifier>{BD135750-0D23-3CDB-9045-738FD385F59D}</UniqueIdentifier>
    </Filter>
  </ItemGroup>
</Project>
